// !$*UTF8*$!
{
	archiveVersion = 1;
	classes = {
	};
	objectVersion = 48;
	objects = {

/* Begin PBXBuildFile section */
		11BC7A612C9D6BE20075318B /* AppDelegate.swift in Sources */ = {isa = PBXBuildFile; fileRef = 11BC7A602C9D6BE20075318B /* AppDelegate.swift */; };
		11BC7A632C9D6BE20075318B /* ViewController.swift in Sources */ = {isa = PBXBuildFile; fileRef = 11BC7A622C9D6BE20075318B /* ViewController.swift */; };
		11BC7A662C9D6BE20075318B /* Main.storyboard in Resources */ = {isa = PBXBuildFile; fileRef = 11BC7A642C9D6BE20075318B /* Main.storyboard */; };
		11BC7A682C9D6BE20075318B /* Assets.xcassets in Resources */ = {isa = PBXBuildFile; fileRef = 11BC7A672C9D6BE20075318B /* Assets.xcassets */; };
		11BC7A6B2C9D6BE20075318B /* LaunchScreen.storyboard in Resources */ = {isa = PBXBuildFile; fileRef = 11BC7A692C9D6BE20075318B /* LaunchScreen.storyboard */; };
		11BC7A792C9D72070075318B /* ActionViewController.swift in Sources */ = {isa = PBXBuildFile; fileRef = 11BC7A782C9D72070075318B /* ActionViewController.swift */; };
		11BC7A7C2C9D72070075318B /* MainInterface.storyboard in Resources */ = {isa = PBXBuildFile; fileRef = 11BC7A7A2C9D72070075318B /* MainInterface.storyboard */; };
		11BC7A802C9D72070075318B /* Extension.appex in Embed App Extensions */ = {isa = PBXBuildFile; fileRef = 11BC7A762C9D72070075318B /* Extension.appex */; settings = {ATTRIBUTES = (RemoveHeadersOnCopy, ); }; };
		11BC7A862C9D7BB80075318B /* Action.js in Resources */ = {isa = PBXBuildFile; fileRef = 11BC7A852C9D7BB80075318B /* Action.js */; };
/* End PBXBuildFile section */

/* Begin PBXContainerItemProxy section */
		11BC7A7E2C9D72070075318B /* PBXContainerItemProxy */ = {
			isa = PBXContainerItemProxy;
			containerPortal = 11BC7A552C9D6BE20075318B /* Project object */;
			proxyType = 1;
			remoteGlobalIDString = 11BC7A752C9D72070075318B;
			remoteInfo = Extension;
		};
/* End PBXContainerItemProxy section */

/* Begin PBXCopyFilesBuildPhase section */
		11BC7A842C9D72070075318B /* Embed App Extensions */ = {
			isa = PBXCopyFilesBuildPhase;
			buildActionMask = 2147483647;
			dstPath = "";
			dstSubfolderSpec = 13;
			files = (
				11BC7A802C9D72070075318B /* Extension.appex in Embed App Extensions */,
			);
			name = "Embed App Extensions";
			runOnlyForDeploymentPostprocessing = 0;
		};
/* End PBXCopyFilesBuildPhase section */

/* Begin PBXFileReference section */
		11BC7A5D2C9D6BE20075318B /* Project 19.app */ = {isa = PBXFileReference; explicitFileType = wrapper.application; includeInIndex = 0; path = "Project 19.app"; sourceTree = BUILT_PRODUCTS_DIR; };
		11BC7A602C9D6BE20075318B /* AppDelegate.swift */ = {isa = PBXFileReference; lastKnownFileType = sourcecode.swift; path = AppDelegate.swift; sourceTree = "<group>"; };
		11BC7A622C9D6BE20075318B /* ViewController.swift */ = {isa = PBXFileReference; lastKnownFileType = sourcecode.swift; path = ViewController.swift; sourceTree = "<group>"; };
		11BC7A652C9D6BE20075318B /* Base */ = {isa = PBXFileReference; lastKnownFileType = file.storyboard; name = Base; path = Base.lproj/Main.storyboard; sourceTree = "<group>"; };
		11BC7A672C9D6BE20075318B /* Assets.xcassets */ = {isa = PBXFileReference; lastKnownFileType = folder.assetcatalog; path = Assets.xcassets; sourceTree = "<group>"; };
		11BC7A6A2C9D6BE20075318B /* Base */ = {isa = PBXFileReference; lastKnownFileType = file.storyboard; name = Base; path = Base.lproj/LaunchScreen.storyboard; sourceTree = "<group>"; };
		11BC7A6C2C9D6BE20075318B /* Info.plist */ = {isa = PBXFileReference; lastKnownFileType = text.plist.xml; path = Info.plist; sourceTree = "<group>"; };
		11BC7A762C9D72070075318B /* Extension.appex */ = {isa = PBXFileReference; explicitFileType = "wrapper.app-extension"; includeInIndex = 0; path = Extension.appex; sourceTree = BUILT_PRODUCTS_DIR; };
		11BC7A782C9D72070075318B /* ActionViewController.swift */ = {isa = PBXFileReference; lastKnownFileType = sourcecode.swift; path = ActionViewController.swift; sourceTree = "<group>"; };
		11BC7A7B2C9D72070075318B /* Base */ = {isa = PBXFileReference; lastKnownFileType = file.storyboard; name = Base; path = Base.lproj/MainInterface.storyboard; sourceTree = "<group>"; };
		11BC7A7D2C9D72070075318B /* Info.plist */ = {isa = PBXFileReference; lastKnownFileType = text.plist.xml; path = Info.plist; sourceTree = "<group>"; };
		11BC7A852C9D7BB80075318B /* Action.js */ = {isa = PBXFileReference; lastKnownFileType = sourcecode.javascript; path = Action.js; sourceTree = "<group>"; };
/* End PBXFileReference section */

/* Begin PBXFrameworksBuildPhase section */
		11BC7A5A2C9D6BE20075318B /* Frameworks */ = {
			isa = PBXFrameworksBuildPhase;
			buildActionMask = 2147483647;
			files = (
			);
			runOnlyForDeploymentPostprocessing = 0;
		};
		11BC7A732C9D72070075318B /* Frameworks */ = {
			isa = PBXFrameworksBuildPhase;
			buildActionMask = 2147483647;
			files = (
			);
			runOnlyForDeploymentPostprocessing = 0;
		};
/* End PBXFrameworksBuildPhase section */

/* Begin PBXGroup section */
		11BC7A542C9D6BE20075318B = {
			isa = PBXGroup;
			children = (
				11BC7A5F2C9D6BE20075318B /* Project 19 */,
				11BC7A772C9D72070075318B /* Extension */,
				11BC7A5E2C9D6BE20075318B /* Products */,
			);
			sourceTree = "<group>";
		};
		11BC7A5E2C9D6BE20075318B /* Products */ = {
			isa = PBXGroup;
			children = (
				11BC7A5D2C9D6BE20075318B /* Project 19.app */,
				11BC7A762C9D72070075318B /* Extension.appex */,
			);
			name = Products;
			sourceTree = "<group>";
		};
		11BC7A5F2C9D6BE20075318B /* Project 19 */ = {
			isa = PBXGroup;
			children = (
				11BC7A602C9D6BE20075318B /* AppDelegate.swift */,
				11BC7A622C9D6BE20075318B /* ViewController.swift */,
				11BC7A642C9D6BE20075318B /* Main.storyboard */,
				11BC7A672C9D6BE20075318B /* Assets.xcassets */,
				11BC7A692C9D6BE20075318B /* LaunchScreen.storyboard */,
				11BC7A6C2C9D6BE20075318B /* Info.plist */,
			);
			path = "Project 19";
			sourceTree = "<group>";
		};
		11BC7A772C9D72070075318B /* Extension */ = {
			isa = PBXGroup;
			children = (
				11BC7A782C9D72070075318B /* ActionViewController.swift */,
				11BC7A7A2C9D72070075318B /* MainInterface.storyboard */,
				11BC7A7D2C9D72070075318B /* Info.plist */,
				11BC7A852C9D7BB80075318B /* Action.js */,
			);
			path = Extension;
			sourceTree = "<group>";
		};
/* End PBXGroup section */

/* Begin PBXNativeTarget section */
		11BC7A5C2C9D6BE20075318B /* Project 19 */ = {
			isa = PBXNativeTarget;
			buildConfigurationList = 11BC7A6F2C9D6BE20075318B /* Build configuration list for PBXNativeTarget "Project 19" */;
			buildPhases = (
				11BC7A592C9D6BE20075318B /* Sources */,
				11BC7A5A2C9D6BE20075318B /* Frameworks */,
				11BC7A5B2C9D6BE20075318B /* Resources */,
				11BC7A842C9D72070075318B /* Embed App Extensions */,
			);
			buildRules = (
			);
			dependencies = (
				11BC7A7F2C9D72070075318B /* PBXTargetDependency */,
			);
			name = "Project 19";
			productName = "Project 19";
			productReference = 11BC7A5D2C9D6BE20075318B /* Project 19.app */;
			productType = "com.apple.product-type.application";
		};
		11BC7A752C9D72070075318B /* Extension */ = {
			isa = PBXNativeTarget;
			buildConfigurationList = 11BC7A812C9D72070075318B /* Build configuration list for PBXNativeTarget "Extension" */;
			buildPhases = (
				11BC7A722C9D72070075318B /* Sources */,
				11BC7A732C9D72070075318B /* Frameworks */,
				11BC7A742C9D72070075318B /* Resources */,
			);
			buildRules = (
			);
			dependencies = (
			);
			name = Extension;
			productName = Extension;
			productReference = 11BC7A762C9D72070075318B /* Extension.appex */;
			productType = "com.apple.product-type.app-extension";
		};
/* End PBXNativeTarget section */

/* Begin PBXProject section */
		11BC7A552C9D6BE20075318B /* Project object */ = {
			isa = PBXProject;
			attributes = {
				LastSwiftUpdateCheck = 0920;
				LastUpgradeCheck = 0920;
				ORGANIZATIONNAME = "Alexander Khorkov";
				TargetAttributes = {
					11BC7A5C2C9D6BE20075318B = {
						CreatedOnToolsVersion = 9.2;
						ProvisioningStyle = Automatic;
					};
					11BC7A752C9D72070075318B = {
						CreatedOnToolsVersion = 9.2;
						ProvisioningStyle = Automatic;
					};
				};
			};
			buildConfigurationList = 11BC7A582C9D6BE20075318B /* Build configuration list for PBXProject "Project 19" */;
			compatibilityVersion = "Xcode 8.0";
			developmentRegion = en;
			hasScannedForEncodings = 0;
			knownRegions = (
				en,
				Base,
			);
			mainGroup = 11BC7A542C9D6BE20075318B;
			productRefGroup = 11BC7A5E2C9D6BE20075318B /* Products */;
			projectDirPath = "";
			projectRoot = "";
			targets = (
				11BC7A5C2C9D6BE20075318B /* Project 19 */,
				11BC7A752C9D72070075318B /* Extension */,
			);
		};
/* End PBXProject section */

/* Begin PBXResourcesBuildPhase section */
		11BC7A5B2C9D6BE20075318B /* Resources */ = {
			isa = PBXResourcesBuildPhase;
			buildActionMask = 2147483647;
			files = (
				11BC7A6B2C9D6BE20075318B /* LaunchScreen.storyboard in Resources */,
				11BC7A682C9D6BE20075318B /* Assets.xcassets in Resources */,
				11BC7A662C9D6BE20075318B /* Main.storyboard in Resources */,
			);
			runOnlyForDeploymentPostprocessing = 0;
		};
		11BC7A742C9D72070075318B /* Resources */ = {
			isa = PBXResourcesBuildPhase;
			buildActionMask = 2147483647;
			files = (
				11BC7A862C9D7BB80075318B /* Action.js in Resources */,
				11BC7A7C2C9D72070075318B /* MainInterface.storyboard in Resources */,
			);
			runOnlyForDeploymentPostprocessing = 0;
		};
/* End PBXResourcesBuildPhase section */

/* Begin PBXSourcesBuildPhase section */
		11BC7A592C9D6BE20075318B /* Sources */ = {
			isa = PBXSourcesBuildPhase;
			buildActionMask = 2147483647;
			files = (
				11BC7A632C9D6BE20075318B /* ViewController.swift in Sources */,
				11BC7A612C9D6BE20075318B /* AppDelegate.swift in Sources */,
			);
			runOnlyForDeploymentPostprocessing = 0;
		};
		11BC7A722C9D72070075318B /* Sources */ = {
			isa = PBXSourcesBuildPhase;
			buildActionMask = 2147483647;
			files = (
				11BC7A792C9D72070075318B /* ActionViewController.swift in Sources */,
			);
			runOnlyForDeploymentPostprocessing = 0;
		};
/* End PBXSourcesBuildPhase section */

/* Begin PBXTargetDependency section */
		11BC7A7F2C9D72070075318B /* PBXTargetDependency */ = {
			isa = PBXTargetDependency;
			target = 11BC7A752C9D72070075318B /* Extension */;
			targetProxy = 11BC7A7E2C9D72070075318B /* PBXContainerItemProxy */;
		};
/* End PBXTargetDependency section */

/* Begin PBXVariantGroup section */
		11BC7A642C9D6BE20075318B /* Main.storyboard */ = {
			isa = PBXVariantGroup;
			children = (
				11BC7A652C9D6BE20075318B /* Base */,
			);
			name = Main.storyboard;
			sourceTree = "<group>";
		};
		11BC7A692C9D6BE20075318B /* LaunchScreen.storyboard */ = {
			isa = PBXVariantGroup;
			children = (
				11BC7A6A2C9D6BE20075318B /* Base */,
			);
			name = LaunchScreen.storyboard;
			sourceTree = "<group>";
		};
		11BC7A7A2C9D72070075318B /* MainInterface.storyboard */ = {
			isa = PBXVariantGroup;
			children = (
				11BC7A7B2C9D72070075318B /* Base */,
			);
			name = MainInterface.storyboard;
			sourceTree = "<group>";
		};
/* End PBXVariantGroup section */

/* Begin XCBuildConfiguration section */
		11BC7A6D2C9D6BE20075318B /* Debug */ = {
			isa = XCBuildConfiguration;
			buildSettings = {
				ALWAYS_SEARCH_USER_PATHS = NO;
				CLANG_ANALYZER_NONNULL = YES;
				CLANG_ANALYZER_NUMBER_OBJECT_CONVERSION = YES_AGGRESSIVE;
				CLANG_CXX_LANGUAGE_STANDARD = "gnu++14";
				CLANG_CXX_LIBRARY = "libc++";
				CLANG_ENABLE_MODULES = YES;
				CLANG_ENABLE_OBJC_ARC = YES;
				CLANG_WARN_BLOCK_CAPTURE_AUTORELEASING = YES;
				CLANG_WARN_BOOL_CONVERSION = YES;
				CLANG_WARN_COMMA = YES;
				CLANG_WARN_CONSTANT_CONVERSION = YES;
				CLANG_WARN_DIRECT_OBJC_ISA_USAGE = YES_ERROR;
				CLANG_WARN_DOCUMENTATION_COMMENTS = YES;
				CLANG_WARN_EMPTY_BODY = YES;
				CLANG_WARN_ENUM_CONVERSION = YES;
				CLANG_WARN_INFINITE_RECURSION = YES;
				CLANG_WARN_INT_CONVERSION = YES;
				CLANG_WARN_NON_LITERAL_NULL_CONVERSION = YES;
				CLANG_WARN_OBJC_LITERAL_CONVERSION = YES;
				CLANG_WARN_OBJC_ROOT_CLASS = YES_ERROR;
				CLANG_WARN_RANGE_LOOP_ANALYSIS = YES;
				CLANG_WARN_STRICT_PROTOTYPES = YES;
				CLANG_WARN_SUSPICIOUS_MOVE = YES;
				CLANG_WARN_UNGUARDED_AVAILABILITY = YES_AGGRESSIVE;
				CLANG_WARN_UNREACHABLE_CODE = YES;
				CLANG_WARN__DUPLICATE_METHOD_MATCH = YES;
				CODE_SIGN_IDENTITY = "iPhone Developer";
				COPY_PHASE_STRIP = NO;
				DEBUG_INFORMATION_FORMAT = dwarf;
				ENABLE_STRICT_OBJC_MSGSEND = YES;
				ENABLE_TESTABILITY = YES;
				GCC_C_LANGUAGE_STANDARD = gnu11;
				GCC_DYNAMIC_NO_PIC = NO;
				GCC_NO_COMMON_BLOCKS = YES;
				GCC_OPTIMIZATION_LEVEL = 0;
				GCC_PREPROCESSOR_DEFINITIONS = (
					"DEBUG=1",
					"$(inherited)",
				);
				GCC_WARN_64_TO_32_BIT_CONVERSION = YES;
				GCC_WARN_ABOUT_RETURN_TYPE = YES_ERROR;
				GCC_WARN_UNDECLARED_SELECTOR = YES;
				GCC_WARN_UNINITIALIZED_AUTOS = YES_AGGRESSIVE;
				GCC_WARN_UNUSED_FUNCTION = YES;
				GCC_WARN_UNUSED_VARIABLE = YES;
				IPHONEOS_DEPLOYMENT_TARGET = 11.2;
				MTL_ENABLE_DEBUG_INFO = YES;
				ONLY_ACTIVE_ARCH = YES;
				SDKROOT = iphoneos;
				SWIFT_ACTIVE_COMPILATION_CONDITIONS = DEBUG;
				SWIFT_OPTIMIZATION_LEVEL = "-Onone";
			};
			name = Debug;
		};
		11BC7A6E2C9D6BE20075318B /* Release */ = {
			isa = XCBuildConfiguration;
			buildSettings = {
				ALWAYS_SEARCH_USER_PATHS = NO;
				CLANG_ANALYZER_NONNULL = YES;
				CLANG_ANALYZER_NUMBER_OBJECT_CONVERSION = YES_AGGRESSIVE;
				CLANG_CXX_LANGUAGE_STANDARD = "gnu++14";
				CLANG_CXX_LIBRARY = "libc++";
				CLANG_ENABLE_MODULES = YES;
				CLANG_ENABLE_OBJC_ARC = YES;
				CLANG_WARN_BLOCK_CAPTURE_AUTORELEASING = YES;
				CLANG_WARN_BOOL_CONVERSION = YES;
				CLANG_WARN_COMMA = YES;
				CLANG_WARN_CONSTANT_CONVERSION = YES;
				CLANG_WARN_DIRECT_OBJC_ISA_USAGE = YES_ERROR;
				CLANG_WARN_DOCUMENTATION_COMMENTS = YES;
				CLANG_WARN_EMPTY_BODY = YES;
				CLANG_WARN_ENUM_CONVERSION = YES;
				CLANG_WARN_INFINITE_RECURSION = YES;
				CLANG_WARN_INT_CONVERSION = YES;
				CLANG_WARN_NON_LITERAL_NULL_CONVERSION = YES;
				CLANG_WARN_OBJC_LITERAL_CONVERSION = YES;
				CLANG_WARN_OBJC_ROOT_CLASS = YES_ERROR;
				CLANG_WARN_RANGE_LOOP_ANALYSIS = YES;
				CLANG_WARN_STRICT_PROTOTYPES = YES;
				CLANG_WARN_SUSPICIOUS_MOVE = YES;
				CLANG_WARN_UNGUARDED_AVAILABILITY = YES_AGGRESSIVE;
				CLANG_WARN_UNREACHABLE_CODE = YES;
				CLANG_WARN__DUPLICATE_METHOD_MATCH = YES;
				CODE_SIGN_IDENTITY = "iPhone Developer";
				COPY_PHASE_STRIP = NO;
				DEBUG_INFORMATION_FORMAT = "dwarf-with-dsym";
				ENABLE_NS_ASSERTIONS = NO;
				ENABLE_STRICT_OBJC_MSGSEND = YES;
				GCC_C_LANGUAGE_STANDARD = gnu11;
				GCC_NO_COMMON_BLOCKS = YES;
				GCC_WARN_64_TO_32_BIT_CONVERSION = YES;
				GCC_WARN_ABOUT_RETURN_TYPE = YES_ERROR;
				GCC_WARN_UNDECLARED_SELECTOR = YES;
				GCC_WARN_UNINITIALIZED_AUTOS = YES_AGGRESSIVE;
				GCC_WARN_UNUSED_FUNCTION = YES;
				GCC_WARN_UNUSED_VARIABLE = YES;
				IPHONEOS_DEPLOYMENT_TARGET = 11.2;
				MTL_ENABLE_DEBUG_INFO = NO;
				SDKROOT = iphoneos;
				SWIFT_OPTIMIZATION_LEVEL = "-Owholemodule";
				VALIDATE_PRODUCT = YES;
			};
			name = Release;
		};
		11BC7A702C9D6BE20075318B /* Debug */ = {
			isa = XCBuildConfiguration;
			buildSettings = {
				ALWAYS_EMBED_SWIFT_STANDARD_LIBRARIES = YES;
				ASSETCATALOG_COMPILER_APPICON_NAME = AppIcon;
				CODE_SIGN_STYLE = Automatic;
				INFOPLIST_FILE = "Project 19/Info.plist";
				LD_RUNPATH_SEARCH_PATHS = "$(inherited) @executable_path/Frameworks";
				PRODUCT_BUNDLE_IDENTIFIER = "com.arkmitre.Project-19";
				PRODUCT_NAME = "$(TARGET_NAME)";
				SWIFT_VERSION = 4.0;
				TARGETED_DEVICE_FAMILY = "1,2";
			};
			name = Debug;
		};
		11BC7A712C9D6BE20075318B /* Release */ = {
			isa = XCBuildConfiguration;
			buildSettings = {
				ALWAYS_EMBED_SWIFT_STANDARD_LIBRARIES = YES;
				ASSETCATALOG_COMPILER_APPICON_NAME = AppIcon;
				CODE_SIGN_STYLE = Automatic;
				INFOPLIST_FILE = "Project 19/Info.plist";
				LD_RUNPATH_SEARCH_PATHS = "$(inherited) @executable_path/Frameworks";
				PRODUCT_BUNDLE_IDENTIFIER = "com.arkmitre.Project-19";
				PRODUCT_NAME = "$(TARGET_NAME)";
				SWIFT_VERSION = 4.0;
				TARGETED_DEVICE_FAMILY = "1,2";
			};
			name = Release;
		};
		11BC7A822C9D72070075318B /* Debug */ = {
			isa = XCBuildConfiguration;
			buildSettings = {
				CODE_SIGN_STYLE = Automatic;
				INFOPLIST_FILE = Extension/Info.plist;
				LD_RUNPATH_SEARCH_PATHS = "$(inherited) @executable_path/Frameworks @executable_path/../../Frameworks";
				PRODUCT_BUNDLE_IDENTIFIER = "com.arkmitre.Project-19.Extension";
				PRODUCT_NAME = "$(TARGET_NAME)";
				SKIP_INSTALL = YES;
				SWIFT_VERSION = 4.0;
				TARGETED_DEVICE_FAMILY = "1,2";
			};
			name = Debug;
		};
		11BC7A832C9D72070075318B /* Release */ = {
			isa = XCBuildConfiguration;
			buildSettings = {
				CODE_SIGN_STYLE = Automatic;
				INFOPLIST_FILE = Extension/Info.plist;
				LD_RUNPATH_SEARCH_PATHS = "$(inherited) @executable_path/Frameworks @executable_path/../../Frameworks";
				PRODUCT_BUNDLE_IDENTIFIER = "com.arkmitre.Project-19.Extension";
				PRODUCT_NAME = "$(TARGET_NAME)";
				SKIP_INSTALL = YES;
				SWIFT_VERSION = 4.0;
				TARGETED_DEVICE_FAMILY = "1,2";
			};
			name = Release;
		};
/* End XCBuildConfiguration section */

/* Begin XCConfigurationList section */
		11BC7A582C9D6BE20075318B /* Build configuration list for PBXProject "Project 19" */ = {
			isa = XCConfigurationList;
			buildConfigurations = (
				11BC7A6D2C9D6BE20075318B /* Debug */,
				11BC7A6E2C9D6BE20075318B /* Release */,
			);
			defaultConfigurationIsVisible = 0;
			defaultConfigurationName = Release;
		};
		11BC7A6F2C9D6BE20075318B /* Build configuration list for PBXNativeTarget "Project 19" */ = {
			isa = XCConfigurationList;
			buildConfigurations = (
				11BC7A702C9D6BE20075318B /* Debug */,
				11BC7A712C9D6BE20075318B /* Release */,
			);
			defaultConfigurationIsVisible = 0;
			defaultConfigurationName = Release;
		};
		11BC7A812C9D72070075318B /* Build configuration list for PBXNativeTarget "Extension" */ = {
			isa = XCConfigurationList;
			buildConfigurations = (
				11BC7A822C9D72070075318B /* Debug */,
				11BC7A832C9D72070075318B /* Release */,
			);
			defaultConfigurationIsVisible = 0;
			defaultConfigurationName = Release;
		};
/* End XCConfigurationList section */
	};
	rootObject = 11BC7A552C9D6BE20075318B /* Project object */;
}
