// !$*UTF8*$!
{
	archiveVersion = 1;
	classes = {
	};
	objectVersion = 48;
	objects = {

/* Begin PBXBuildFile section */
		11BC79E82C9C45C00075318B /* AppDelegate.swift in Sources */ = {isa = PBXBuildFile; fileRef = 11BC79E72C9C45C00075318B /* AppDelegate.swift */; };
		11BC79EA2C9C45C00075318B /* ViewController.swift in Sources */ = {isa = PBXBuildFile; fileRef = 11BC79E92C9C45C00075318B /* ViewController.swift */; };
		11BC79ED2C9C45C00075318B /* Main.storyboard in Resources */ = {isa = PBXBuildFile; fileRef = 11BC79EB2C9C45C00075318B /* Main.storyboard */; };
		11BC79EF2C9C45C00075318B /* Assets.xcassets in Resources */ = {isa = PBXBuildFile; fileRef = 11BC79EE2C9C45C00075318B /* Assets.xcassets */; };
		11BC79F22C9C45C00075318B /* LaunchScreen.storyboard in Resources */ = {isa = PBXBuildFile; fileRef = 11BC79F02C9C45C00075318B /* LaunchScreen.storyboard */; };
		11BC79FA2C9C480B0075318B /* Capital.swift in Sources */ = {isa = PBXBuildFile; fileRef = 11BC79F92C9C480B0075318B /* Capital.swift */; };
		11BC79FC2C9C5E9D0075318B /* WebView.swift in Sources */ = {isa = PBXBuildFile; fileRef = 11BC79FB2C9C5E9D0075318B /* WebView.swift */; };
/* End PBXBuildFile section */

/* Begin PBXFileReference section */
		11BC79E42C9C45C00075318B /* Project 16.app */ = {isa = PBXFileReference; explicitFileType = wrapper.application; includeInIndex = 0; path = "Project 16.app"; sourceTree = BUILT_PRODUCTS_DIR; };
		11BC79E72C9C45C00075318B /* AppDelegate.swift */ = {isa = PBXFileReference; lastKnownFileType = sourcecode.swift; path = AppDelegate.swift; sourceTree = "<group>"; };
		11BC79E92C9C45C00075318B /* ViewController.swift */ = {isa = PBXFileReference; lastKnownFileType = sourcecode.swift; path = ViewController.swift; sourceTree = "<group>"; };
		11BC79EC2C9C45C00075318B /* Base */ = {isa = PBXFileReference; lastKnownFileType = file.storyboard; name = Base; path = Base.lproj/Main.storyboard; sourceTree = "<group>"; };
		11BC79EE2C9C45C00075318B /* Assets.xcassets */ = {isa = PBXFileReference; lastKnownFileType = folder.assetcatalog; path = Assets.xcassets; sourceTree = "<group>"; };
		11BC79F12C9C45C00075318B /* Base */ = {isa = PBXFileReference; lastKnownFileType = file.storyboard; name = Base; path = Base.lproj/LaunchScreen.storyboard; sourceTree = "<group>"; };
		11BC79F32C9C45C00075318B /* Info.plist */ = {isa = PBXFileReference; lastKnownFileType = text.plist.xml; path = Info.plist; sourceTree = "<group>"; };
		11BC79F92C9C480B0075318B /* Capital.swift */ = {isa = PBXFileReference; lastKnownFileType = sourcecode.swift; path = Capital.swift; sourceTree = "<group>"; };
		11BC79FB2C9C5E9D0075318B /* WebView.swift */ = {isa = PBXFileReference; lastKnownFileType = sourcecode.swift; path = WebView.swift; sourceTree = "<group>"; };
/* End PBXFileReference section */

/* Begin PBXFrameworksBuildPhase section */
		11BC79E12C9C45C00075318B /* Frameworks */ = {
			isa = PBXFrameworksBuildPhase;
			buildActionMask = 2147483647;
			files = (
			);
			runOnlyForDeploymentPostprocessing = 0;
		};
/* End PBXFrameworksBuildPhase section */

/* Begin PBXGroup section */
		11BC79DB2C9C45C00075318B = {
			isa = PBXGroup;
			children = (
				11BC79E62C9C45C00075318B /* Project 16 */,
				11BC79E52C9C45C00075318B /* Products */,
			);
			sourceTree = "<group>";
		};
		11BC79E52C9C45C00075318B /* Products */ = {
			isa = PBXGroup;
			children = (
				11BC79E42C9C45C00075318B /* Project 16.app */,
			);
			name = Products;
			sourceTree = "<group>";
		};
		11BC79E62C9C45C00075318B /* Project 16 */ = {
			isa = PBXGroup;
			children = (
				11BC79E72C9C45C00075318B /* AppDelegate.swift */,
				11BC79E92C9C45C00075318B /* ViewController.swift */,
				11BC79F92C9C480B0075318B /* Capital.swift */,
				11BC79EB2C9C45C00075318B /* Main.storyboard */,
				11BC79FB2C9C5E9D0075318B /* WebView.swift */,
				11BC79EE2C9C45C00075318B /* Assets.xcassets */,
				11BC79F02C9C45C00075318B /* LaunchScreen.storyboard */,
				11BC79F32C9C45C00075318B /* Info.plist */,
			);
			path = "Project 16";
			sourceTree = "<group>";
		};
/* End PBXGroup section */

/* Begin PBXNativeTarget section */
		11BC79E32C9C45C00075318B /* Project 16 */ = {
			isa = PBXNativeTarget;
			buildConfigurationList = 11BC79F62C9C45C00075318B /* Build configuration list for PBXNativeTarget "Project 16" */;
			buildPhases = (
				11BC79E02C9C45C00075318B /* Sources */,
				11BC79E12C9C45C00075318B /* Frameworks */,
				11BC79E22C9C45C00075318B /* Resources */,
			);
			buildRules = (
			);
			dependencies = (
			);
			name = "Project 16";
			productName = "Project 16";
			productReference = 11BC79E42C9C45C00075318B /* Project 16.app */;
			productType = "com.apple.product-type.application";
		};
/* End PBXNativeTarget section */

/* Begin PBXProject section */
		11BC79DC2C9C45C00075318B /* Project object */ = {
			isa = PBXProject;
			attributes = {
				LastSwiftUpdateCheck = 0920;
				LastUpgradeCheck = 0920;
				ORGANIZATIONNAME = "Alexander Khorkov";
				TargetAttributes = {
					11BC79E32C9C45C00075318B = {
						CreatedOnToolsVersion = 9.2;
						ProvisioningStyle = Automatic;
					};
				};
			};
			buildConfigurationList = 11BC79DF2C9C45C00075318B /* Build configuration list for PBXProject "Project 16" */;
			compatibilityVersion = "Xcode 8.0";
			developmentRegion = en;
			hasScannedForEncodings = 0;
			knownRegions = (
				en,
				Base,
			);
			mainGroup = 11BC79DB2C9C45C00075318B;
			productRefGroup = 11BC79E52C9C45C00075318B /* Products */;
			projectDirPath = "";
			projectRoot = "";
			targets = (
				11BC79E32C9C45C00075318B /* Project 16 */,
			);
		};
/* End PBXProject section */

/* Begin PBXResourcesBuildPhase section */
		11BC79E22C9C45C00075318B /* Resources */ = {
			isa = PBXResourcesBuildPhase;
			buildActionMask = 2147483647;
			files = (
				11BC79F22C9C45C00075318B /* LaunchScreen.storyboard in Resources */,
				11BC79EF2C9C45C00075318B /* Assets.xcassets in Resources */,
				11BC79ED2C9C45C00075318B /* Main.storyboard in Resources */,
			);
			runOnlyForDeploymentPostprocessing = 0;
		};
/* End PBXResourcesBuildPhase section */

/* Begin PBXSourcesBuildPhase section */
		11BC79E02C9C45C00075318B /* Sources */ = {
			isa = PBXSourcesBuildPhase;
			buildActionMask = 2147483647;
			files = (
				11BC79EA2C9C45C00075318B /* ViewController.swift in Sources */,
				11BC79FC2C9C5E9D0075318B /* WebView.swift in Sources */,
				11BC79E82C9C45C00075318B /* AppDelegate.swift in Sources */,
				11BC79FA2C9C480B0075318B /* Capital.swift in Sources */,
			);
			runOnlyForDeploymentPostprocessing = 0;
		};
/* End PBXSourcesBuildPhase section */

/* Begin PBXVariantGroup section */
		11BC79EB2C9C45C00075318B /* Main.storyboard */ = {
			isa = PBXVariantGroup;
			children = (
				11BC79EC2C9C45C00075318B /* Base */,
			);
			name = Main.storyboard;
			sourceTree = "<group>";
		};
		11BC79F02C9C45C00075318B /* LaunchScreen.storyboard */ = {
			isa = PBXVariantGroup;
			children = (
				11BC79F12C9C45C00075318B /* Base */,
			);
			name = LaunchScreen.storyboard;
			sourceTree = "<group>";
		};
/* End PBXVariantGroup section */

/* Begin XCBuildConfiguration section */
		11BC79F42C9C45C00075318B /* Debug */ = {
			isa = XCBuildConfiguration;
			buildSettings = {
				ALWAYS_SEARCH_USER_PATHS = NO;
				CLANG_ANALYZER_NONNULL = YES;
				CLANG_ANALYZER_NUMBER_OBJECT_CONVERSION = YES_AGGRESSIVE;
				CLANG_CXX_LANGUAGE_STANDARD = "gnu++14";
				CLANG_CXX_LIBRARY = "libc++";
				CLANG_ENABLE_MODULES = YES;
				CLANG_ENABLE_OBJC_ARC = YES;
				CLANG_WARN_BLOCK_CAPTURE_AUTORELEASING = YES;
				CLANG_WARN_BOOL_CONVERSION = YES;
				CLANG_WARN_COMMA = YES;
				CLANG_WARN_CONSTANT_CONVERSION = YES;
				CLANG_WARN_DIRECT_OBJC_ISA_USAGE = YES_ERROR;
				CLANG_WARN_DOCUMENTATION_COMMENTS = YES;
				CLANG_WARN_EMPTY_BODY = YES;
				CLANG_WARN_ENUM_CONVERSION = YES;
				CLANG_WARN_INFINITE_RECURSION = YES;
				CLANG_WARN_INT_CONVERSION = YES;
				CLANG_WARN_NON_LITERAL_NULL_CONVERSION = YES;
				CLANG_WARN_OBJC_LITERAL_CONVERSION = YES;
				CLANG_WARN_OBJC_ROOT_CLASS = YES_ERROR;
				CLANG_WARN_RANGE_LOOP_ANALYSIS = YES;
				CLANG_WARN_STRICT_PROTOTYPES = YES;
				CLANG_WARN_SUSPICIOUS_MOVE = YES;
				CLANG_WARN_UNGUARDED_AVAILABILITY = YES_AGGRESSIVE;
				CLANG_WARN_UNREACHABLE_CODE = YES;
				CLANG_WARN__DUPLICATE_METHOD_MATCH = YES;
				CODE_SIGN_IDENTITY = "iPhone Developer";
				COPY_PHASE_STRIP = NO;
				DEBUG_INFORMATION_FORMAT = dwarf;
				ENABLE_STRICT_OBJC_MSGSEND = YES;
				ENABLE_TESTABILITY = YES;
				GCC_C_LANGUAGE_STANDARD = gnu11;
				GCC_DYNAMIC_NO_PIC = NO;
				GCC_NO_COMMON_BLOCKS = YES;
				GCC_OPTIMIZATION_LEVEL = 0;
				GCC_PREPROCESSOR_DEFINITIONS = (
					"DEBUG=1",
					"$(inherited)",
				);
				GCC_WARN_64_TO_32_BIT_CONVERSION = YES;
				GCC_WARN_ABOUT_RETURN_TYPE = YES_ERROR;
				GCC_WARN_UNDECLARED_SELECTOR = YES;
				GCC_WARN_UNINITIALIZED_AUTOS = YES_AGGRESSIVE;
				GCC_WARN_UNUSED_FUNCTION = YES;
				GCC_WARN_UNUSED_VARIABLE = YES;
				IPHONEOS_DEPLOYMENT_TARGET = 11.2;
				MTL_ENABLE_DEBUG_INFO = YES;
				ONLY_ACTIVE_ARCH = YES;
				SDKROOT = iphoneos;
				SWIFT_ACTIVE_COMPILATION_CONDITIONS = DEBUG;
				SWIFT_OPTIMIZATION_LEVEL = "-Onone";
			};
			name = Debug;
		};
		11BC79F52C9C45C00075318B /* Release */ = {
			isa = XCBuildConfiguration;
			buildSettings = {
				ALWAYS_SEARCH_USER_PATHS = NO;
				CLANG_ANALYZER_NONNULL = YES;
				CLANG_ANALYZER_NUMBER_OBJECT_CONVERSION = YES_AGGRESSIVE;
				CLANG_CXX_LANGUAGE_STANDARD = "gnu++14";
				CLANG_CXX_LIBRARY = "libc++";
				CLANG_ENABLE_MODULES = YES;
				CLANG_ENABLE_OBJC_ARC = YES;
				CLANG_WARN_BLOCK_CAPTURE_AUTORELEASING = YES;
				CLANG_WARN_BOOL_CONVERSION = YES;
				CLANG_WARN_COMMA = YES;
				CLANG_WARN_CONSTANT_CONVERSION = YES;
				CLANG_WARN_DIRECT_OBJC_ISA_USAGE = YES_ERROR;
				CLANG_WARN_DOCUMENTATION_COMMENTS = YES;
				CLANG_WARN_EMPTY_BODY = YES;
				CLANG_WARN_ENUM_CONVERSION = YES;
				CLANG_WARN_INFINITE_RECURSION = YES;
				CLANG_WARN_INT_CONVERSION = YES;
				CLANG_WARN_NON_LITERAL_NULL_CONVERSION = YES;
				CLANG_WARN_OBJC_LITERAL_CONVERSION = YES;
				CLANG_WARN_OBJC_ROOT_CLASS = YES_ERROR;
				CLANG_WARN_RANGE_LOOP_ANALYSIS = YES;
				CLANG_WARN_STRICT_PROTOTYPES = YES;
				CLANG_WARN_SUSPICIOUS_MOVE = YES;
				CLANG_WARN_UNGUARDED_AVAILABILITY = YES_AGGRESSIVE;
				CLANG_WARN_UNREACHABLE_CODE = YES;
				CLANG_WARN__DUPLICATE_METHOD_MATCH = YES;
				CODE_SIGN_IDENTITY = "iPhone Developer";
				COPY_PHASE_STRIP = NO;
				DEBUG_INFORMATION_FORMAT = "dwarf-with-dsym";
				ENABLE_NS_ASSERTIONS = NO;
				ENABLE_STRICT_OBJC_MSGSEND = YES;
				GCC_C_LANGUAGE_STANDARD = gnu11;
				GCC_NO_COMMON_BLOCKS = YES;
				GCC_WARN_64_TO_32_BIT_CONVERSION = YES;
				GCC_WARN_ABOUT_RETURN_TYPE = YES_ERROR;
				GCC_WARN_UNDECLARED_SELECTOR = YES;
				GCC_WARN_UNINITIALIZED_AUTOS = YES_AGGRESSIVE;
				GCC_WARN_UNUSED_FUNCTION = YES;
				GCC_WARN_UNUSED_VARIABLE = YES;
				IPHONEOS_DEPLOYMENT_TARGET = 11.2;
				MTL_ENABLE_DEBUG_INFO = NO;
				SDKROOT = iphoneos;
				SWIFT_OPTIMIZATION_LEVEL = "-Owholemodule";
				VALIDATE_PRODUCT = YES;
			};
			name = Release;
		};
		11BC79F72C9C45C00075318B /* Debug */ = {
			isa = XCBuildConfiguration;
			buildSettings = {
				ASSETCATALOG_COMPILER_APPICON_NAME = AppIcon;
				CODE_SIGN_STYLE = Automatic;
				INFOPLIST_FILE = "Project 16/Info.plist";
				LD_RUNPATH_SEARCH_PATHS = "$(inherited) @executable_path/Frameworks";
				PRODUCT_BUNDLE_IDENTIFIER = "com.arkmitre.Project-16";
				PRODUCT_NAME = "$(TARGET_NAME)";
				SWIFT_VERSION = 4.0;
				TARGETED_DEVICE_FAMILY = "1,2";
			};
			name = Debug;
		};
		11BC79F82C9C45C00075318B /* Release */ = {
			isa = XCBuildConfiguration;
			buildSettings = {
				ASSETCATALOG_COMPILER_APPICON_NAME = AppIcon;
				CODE_SIGN_STYLE = Automatic;
				INFOPLIST_FILE = "Project 16/Info.plist";
				LD_RUNPATH_SEARCH_PATHS = "$(inherited) @executable_path/Frameworks";
				PRODUCT_BUNDLE_IDENTIFIER = "com.arkmitre.Project-16";
				PRODUCT_NAME = "$(TARGET_NAME)";
				SWIFT_VERSION = 4.0;
				TARGETED_DEVICE_FAMILY = "1,2";
			};
			name = Release;
		};
/* End XCBuildConfiguration section */

/* Begin XCConfigurationList section */
		11BC79DF2C9C45C00075318B /* Build configuration list for PBXProject "Project 16" */ = {
			isa = XCConfigurationList;
			buildConfigurations = (
				11BC79F42C9C45C00075318B /* Debug */,
				11BC79F52C9C45C00075318B /* Release */,
			);
			defaultConfigurationIsVisible = 0;
			defaultConfigurationName = Release;
		};
		11BC79F62C9C45C00075318B /* Build configuration list for PBXNativeTarget "Project 16" */ = {
			isa = XCConfigurationList;
			buildConfigurations = (
				11BC79F72C9C45C00075318B /* Debug */,
				11BC79F82C9C45C00075318B /* Release */,
			);
			defaultConfigurationIsVisible = 0;
			defaultConfigurationName = Release;
		};
/* End XCConfigurationList section */
	};
	rootObject = 11BC79DC2C9C45C00075318B /* Project object */;
}
