// !$*UTF8*$!
{
	archiveVersion = 1;
	classes = {
	};
	objectVersion = 48;
	objects = {

/* Begin PBXBuildFile section */
		110666AE2C76384900D1D053 /* AppDelegate.swift in Sources */ = {isa = PBXBuildFile; fileRef = 110666AD2C76384900D1D053 /* AppDelegate.swift */; };
		110666B02C76384A00D1D053 /* ViewController.swift in Sources */ = {isa = PBXBuildFile; fileRef = 110666AF2C76384A00D1D053 /* ViewController.swift */; };
		110666B32C76384B00D1D053 /* Main.storyboard in Resources */ = {isa = PBXBuildFile; fileRef = 110666B12C76384B00D1D053 /* Main.storyboard */; };
		110666B52C76384B00D1D053 /* Assets.xcassets in Resources */ = {isa = PBXBuildFile; fileRef = 110666B42C76384B00D1D053 /* Assets.xcassets */; };
		110666B82C76384B00D1D053 /* LaunchScreen.storyboard in Resources */ = {isa = PBXBuildFile; fileRef = 110666B62C76384B00D1D053 /* LaunchScreen.storyboard */; };
		111F1C6F2C7751E0003E0A2B /* Riddles.txt in Resources */ = {isa = PBXBuildFile; fileRef = 111F1C6E2C7751E0003E0A2B /* Riddles.txt */; };
/* End PBXBuildFile section */

/* Begin PBXFileReference section */
		110666AA2C76384800D1D053 /* Challenge Day 41.app */ = {isa = PBXFileReference; explicitFileType = wrapper.application; includeInIndex = 0; path = "Challenge Day 41.app"; sourceTree = BUILT_PRODUCTS_DIR; };
		110666AD2C76384900D1D053 /* AppDelegate.swift */ = {isa = PBXFileReference; lastKnownFileType = sourcecode.swift; path = AppDelegate.swift; sourceTree = "<group>"; };
		110666AF2C76384A00D1D053 /* ViewController.swift */ = {isa = PBXFileReference; lastKnownFileType = sourcecode.swift; path = ViewController.swift; sourceTree = "<group>"; };
		110666B22C76384B00D1D053 /* Base */ = {isa = PBXFileReference; lastKnownFileType = file.storyboard; name = Base; path = Base.lproj/Main.storyboard; sourceTree = "<group>"; };
		110666B42C76384B00D1D053 /* Assets.xcassets */ = {isa = PBXFileReference; lastKnownFileType = folder.assetcatalog; path = Assets.xcassets; sourceTree = "<group>"; };
		110666B72C76384B00D1D053 /* Base */ = {isa = PBXFileReference; lastKnownFileType = file.storyboard; name = Base; path = Base.lproj/LaunchScreen.storyboard; sourceTree = "<group>"; };
		110666B92C76384B00D1D053 /* Info.plist */ = {isa = PBXFileReference; lastKnownFileType = text.plist.xml; path = Info.plist; sourceTree = "<group>"; };
		111F1C6E2C7751E0003E0A2B /* Riddles.txt */ = {isa = PBXFileReference; fileEncoding = 4; lastKnownFileType = text; path = Riddles.txt; sourceTree = SOURCE_ROOT; };
/* End PBXFileReference section */

/* Begin PBXFrameworksBuildPhase section */
		110666A72C76384800D1D053 /* Frameworks */ = {
			isa = PBXFrameworksBuildPhase;
			buildActionMask = 2147483647;
			files = (
			);
			runOnlyForDeploymentPostprocessing = 0;
		};
/* End PBXFrameworksBuildPhase section */

/* Begin PBXGroup section */
		110666A12C76384600D1D053 = {
			isa = PBXGroup;
			children = (
				110666AC2C76384800D1D053 /* Challenge Day 41 */,
				110666AB2C76384800D1D053 /* Products */,
			);
			sourceTree = "<group>";
		};
		110666AB2C76384800D1D053 /* Products */ = {
			isa = PBXGroup;
			children = (
				110666AA2C76384800D1D053 /* Challenge Day 41.app */,
			);
			name = Products;
			sourceTree = "<group>";
		};
		110666AC2C76384800D1D053 /* Challenge Day 41 */ = {
			isa = PBXGroup;
			children = (
				110666AD2C76384900D1D053 /* AppDelegate.swift */,
				110666AF2C76384A00D1D053 /* ViewController.swift */,
				110666B12C76384B00D1D053 /* Main.storyboard */,
				110666B42C76384B00D1D053 /* Assets.xcassets */,
				110666B62C76384B00D1D053 /* LaunchScreen.storyboard */,
				110666B92C76384B00D1D053 /* Info.plist */,
				111F1C6E2C7751E0003E0A2B /* Riddles.txt */,
			);
			path = "Challenge Day 41";
			sourceTree = "<group>";
		};
/* End PBXGroup section */

/* Begin PBXNativeTarget section */
		110666A92C76384800D1D053 /* Challenge Day 41 */ = {
			isa = PBXNativeTarget;
			buildConfigurationList = 110666BC2C76384C00D1D053 /* Build configuration list for PBXNativeTarget "Challenge Day 41" */;
			buildPhases = (
				110666A62C76384800D1D053 /* Sources */,
				110666A72C76384800D1D053 /* Frameworks */,
				110666A82C76384800D1D053 /* Resources */,
			);
			buildRules = (
			);
			dependencies = (
			);
			name = "Challenge Day 41";
			productName = "Challenge Day 41";
			productReference = 110666AA2C76384800D1D053 /* Challenge Day 41.app */;
			productType = "com.apple.product-type.application";
		};
/* End PBXNativeTarget section */

/* Begin PBXProject section */
		110666A22C76384600D1D053 /* Project object */ = {
			isa = PBXProject;
			attributes = {
				LastSwiftUpdateCheck = 0920;
				LastUpgradeCheck = 0920;
				ORGANIZATIONNAME = "Alexander Khorkov";
				TargetAttributes = {
					110666A92C76384800D1D053 = {
						CreatedOnToolsVersion = 9.2;
						ProvisioningStyle = Automatic;
					};
				};
			};
			buildConfigurationList = 110666A52C76384600D1D053 /* Build configuration list for PBXProject "Challenge Day 41" */;
			compatibilityVersion = "Xcode 8.0";
			developmentRegion = en;
			hasScannedForEncodings = 0;
			knownRegions = (
				en,
				Base,
			);
			mainGroup = 110666A12C76384600D1D053;
			productRefGroup = 110666AB2C76384800D1D053 /* Products */;
			projectDirPath = "";
			projectRoot = "";
			targets = (
				110666A92C76384800D1D053 /* Challenge Day 41 */,
			);
		};
/* End PBXProject section */

/* Begin PBXResourcesBuildPhase section */
		110666A82C76384800D1D053 /* Resources */ = {
			isa = PBXResourcesBuildPhase;
			buildActionMask = 2147483647;
			files = (
				111F1C6F2C7751E0003E0A2B /* Riddles.txt in Resources */,
				110666B82C76384B00D1D053 /* LaunchScreen.storyboard in Resources */,
				110666B52C76384B00D1D053 /* Assets.xcassets in Resources */,
				110666B32C76384B00D1D053 /* Main.storyboard in Resources */,
			);
			runOnlyForDeploymentPostprocessing = 0;
		};
/* End PBXResourcesBuildPhase section */

/* Begin PBXSourcesBuildPhase section */
		110666A62C76384800D1D053 /* Sources */ = {
			isa = PBXSourcesBuildPhase;
			buildActionMask = 2147483647;
			files = (
				110666B02C76384A00D1D053 /* ViewController.swift in Sources */,
				110666AE2C76384900D1D053 /* AppDelegate.swift in Sources */,
			);
			runOnlyForDeploymentPostprocessing = 0;
		};
/* End PBXSourcesBuildPhase section */

/* Begin PBXVariantGroup section */
		110666B12C76384B00D1D053 /* Main.storyboard */ = {
			isa = PBXVariantGroup;
			children = (
				110666B22C76384B00D1D053 /* Base */,
			);
			name = Main.storyboard;
			sourceTree = "<group>";
		};
		110666B62C76384B00D1D053 /* LaunchScreen.storyboard */ = {
			isa = PBXVariantGroup;
			children = (
				110666B72C76384B00D1D053 /* Base */,
			);
			name = LaunchScreen.storyboard;
			sourceTree = "<group>";
		};
/* End PBXVariantGroup section */

/* Begin XCBuildConfiguration section */
		110666BA2C76384B00D1D053 /* Debug */ = {
			isa = XCBuildConfiguration;
			buildSettings = {
				ALWAYS_SEARCH_USER_PATHS = NO;
				CLANG_ANALYZER_NONNULL = YES;
				CLANG_ANALYZER_NUMBER_OBJECT_CONVERSION = YES_AGGRESSIVE;
				CLANG_CXX_LANGUAGE_STANDARD = "gnu++14";
				CLANG_CXX_LIBRARY = "libc++";
				CLANG_ENABLE_MODULES = YES;
				CLANG_ENABLE_OBJC_ARC = YES;
				CLANG_WARN_BLOCK_CAPTURE_AUTORELEASING = YES;
				CLANG_WARN_BOOL_CONVERSION = YES;
				CLANG_WARN_COMMA = YES;
				CLANG_WARN_CONSTANT_CONVERSION = YES;
				CLANG_WARN_DIRECT_OBJC_ISA_USAGE = YES_ERROR;
				CLANG_WARN_DOCUMENTATION_COMMENTS = YES;
				CLANG_WARN_EMPTY_BODY = YES;
				CLANG_WARN_ENUM_CONVERSION = YES;
				CLANG_WARN_INFINITE_RECURSION = YES;
				CLANG_WARN_INT_CONVERSION = YES;
				CLANG_WARN_NON_LITERAL_NULL_CONVERSION = YES;
				CLANG_WARN_OBJC_LITERAL_CONVERSION = YES;
				CLANG_WARN_OBJC_ROOT_CLASS = YES_ERROR;
				CLANG_WARN_RANGE_LOOP_ANALYSIS = YES;
				CLANG_WARN_STRICT_PROTOTYPES = YES;
				CLANG_WARN_SUSPICIOUS_MOVE = YES;
				CLANG_WARN_UNGUARDED_AVAILABILITY = YES_AGGRESSIVE;
				CLANG_WARN_UNREACHABLE_CODE = YES;
				CLANG_WARN__DUPLICATE_METHOD_MATCH = YES;
				CODE_SIGN_IDENTITY = "iPhone Developer";
				COPY_PHASE_STRIP = NO;
				DEBUG_INFORMATION_FORMAT = dwarf;
				ENABLE_STRICT_OBJC_MSGSEND = YES;
				ENABLE_TESTABILITY = YES;
				GCC_C_LANGUAGE_STANDARD = gnu11;
				GCC_DYNAMIC_NO_PIC = NO;
				GCC_NO_COMMON_BLOCKS = YES;
				GCC_OPTIMIZATION_LEVEL = 0;
				GCC_PREPROCESSOR_DEFINITIONS = (
					"DEBUG=1",
					"$(inherited)",
				);
				GCC_WARN_64_TO_32_BIT_CONVERSION = YES;
				GCC_WARN_ABOUT_RETURN_TYPE = YES_ERROR;
				GCC_WARN_UNDECLARED_SELECTOR = YES;
				GCC_WARN_UNINITIALIZED_AUTOS = YES_AGGRESSIVE;
				GCC_WARN_UNUSED_FUNCTION = YES;
				GCC_WARN_UNUSED_VARIABLE = YES;
				IPHONEOS_DEPLOYMENT_TARGET = 11.2;
				MTL_ENABLE_DEBUG_INFO = YES;
				ONLY_ACTIVE_ARCH = YES;
				SDKROOT = iphoneos;
				SWIFT_ACTIVE_COMPILATION_CONDITIONS = DEBUG;
				SWIFT_OPTIMIZATION_LEVEL = "-Onone";
			};
			name = Debug;
		};
		110666BB2C76384B00D1D053 /* Release */ = {
			isa = XCBuildConfiguration;
			buildSettings = {
				ALWAYS_SEARCH_USER_PATHS = NO;
				CLANG_ANALYZER_NONNULL = YES;
				CLANG_ANALYZER_NUMBER_OBJECT_CONVERSION = YES_AGGRESSIVE;
				CLANG_CXX_LANGUAGE_STANDARD = "gnu++14";
				CLANG_CXX_LIBRARY = "libc++";
				CLANG_ENABLE_MODULES = YES;
				CLANG_ENABLE_OBJC_ARC = YES;
				CLANG_WARN_BLOCK_CAPTURE_AUTORELEASING = YES;
				CLANG_WARN_BOOL_CONVERSION = YES;
				CLANG_WARN_COMMA = YES;
				CLANG_WARN_CONSTANT_CONVERSION = YES;
				CLANG_WARN_DIRECT_OBJC_ISA_USAGE = YES_ERROR;
				CLANG_WARN_DOCUMENTATION_COMMENTS = YES;
				CLANG_WARN_EMPTY_BODY = YES;
				CLANG_WARN_ENUM_CONVERSION = YES;
				CLANG_WARN_INFINITE_RECURSION = YES;
				CLANG_WARN_INT_CONVERSION = YES;
				CLANG_WARN_NON_LITERAL_NULL_CONVERSION = YES;
				CLANG_WARN_OBJC_LITERAL_CONVERSION = YES;
				CLANG_WARN_OBJC_ROOT_CLASS = YES_ERROR;
				CLANG_WARN_RANGE_LOOP_ANALYSIS = YES;
				CLANG_WARN_STRICT_PROTOTYPES = YES;
				CLANG_WARN_SUSPICIOUS_MOVE = YES;
				CLANG_WARN_UNGUARDED_AVAILABILITY = YES_AGGRESSIVE;
				CLANG_WARN_UNREACHABLE_CODE = YES;
				CLANG_WARN__DUPLICATE_METHOD_MATCH = YES;
				CODE_SIGN_IDENTITY = "iPhone Developer";
				COPY_PHASE_STRIP = NO;
				DEBUG_INFORMATION_FORMAT = "dwarf-with-dsym";
				ENABLE_NS_ASSERTIONS = NO;
				ENABLE_STRICT_OBJC_MSGSEND = YES;
				GCC_C_LANGUAGE_STANDARD = gnu11;
				GCC_NO_COMMON_BLOCKS = YES;
				GCC_WARN_64_TO_32_BIT_CONVERSION = YES;
				GCC_WARN_ABOUT_RETURN_TYPE = YES_ERROR;
				GCC_WARN_UNDECLARED_SELECTOR = YES;
				GCC_WARN_UNINITIALIZED_AUTOS = YES_AGGRESSIVE;
				GCC_WARN_UNUSED_FUNCTION = YES;
				GCC_WARN_UNUSED_VARIABLE = YES;
				IPHONEOS_DEPLOYMENT_TARGET = 11.2;
				MTL_ENABLE_DEBUG_INFO = NO;
				SDKROOT = iphoneos;
				SWIFT_OPTIMIZATION_LEVEL = "-Owholemodule";
				VALIDATE_PRODUCT = YES;
			};
			name = Release;
		};
		110666BD2C76384C00D1D053 /* Debug */ = {
			isa = XCBuildConfiguration;
			buildSettings = {
				ASSETCATALOG_COMPILER_APPICON_NAME = AppIcon;
				CODE_SIGN_STYLE = Automatic;
				INFOPLIST_FILE = "Challenge Day 41/Info.plist";
				LD_RUNPATH_SEARCH_PATHS = "$(inherited) @executable_path/Frameworks";
				PRODUCT_BUNDLE_IDENTIFIER = "com.arkmitre.Challenge-Day-41";
				PRODUCT_NAME = "$(TARGET_NAME)";
				SWIFT_VERSION = 4.0;
				TARGETED_DEVICE_FAMILY = "1,2";
			};
			name = Debug;
		};
		110666BE2C76384C00D1D053 /* Release */ = {
			isa = XCBuildConfiguration;
			buildSettings = {
				ASSETCATALOG_COMPILER_APPICON_NAME = AppIcon;
				CODE_SIGN_STYLE = Automatic;
				INFOPLIST_FILE = "Challenge Day 41/Info.plist";
				LD_RUNPATH_SEARCH_PATHS = "$(inherited) @executable_path/Frameworks";
				PRODUCT_BUNDLE_IDENTIFIER = "com.arkmitre.Challenge-Day-41";
				PRODUCT_NAME = "$(TARGET_NAME)";
				SWIFT_VERSION = 4.0;
				TARGETED_DEVICE_FAMILY = "1,2";
			};
			name = Release;
		};
/* End XCBuildConfiguration section */

/* Begin XCConfigurationList section */
		110666A52C76384600D1D053 /* Build configuration list for PBXProject "Challenge Day 41" */ = {
			isa = XCConfigurationList;
			buildConfigurations = (
				110666BA2C76384B00D1D053 /* Debug */,
				110666BB2C76384B00D1D053 /* Release */,
			);
			defaultConfigurationIsVisible = 0;
			defaultConfigurationName = Release;
		};
		110666BC2C76384C00D1D053 /* Build configuration list for PBXNativeTarget "Challenge Day 41" */ = {
			isa = XCConfigurationList;
			buildConfigurations = (
				110666BD2C76384C00D1D053 /* Debug */,
				110666BE2C76384C00D1D053 /* Release */,
			);
			defaultConfigurationIsVisible = 0;
			defaultConfigurationName = Release;
		};
/* End XCConfigurationList section */
	};
	rootObject = 110666A22C76384600D1D053 /* Project object */;
}
